
Microsoft Visual Studio Solution File, Format Version 12.00
# Visual Studio 15
VisualStudioVersion = 15.0.28307.572
MinimumVisualStudioVersion = 10.0.40219.1
Project("{FAE04EC0-301F-11D3-BF4B-00C04F79EFBC}") = "PocExentesions", "PocExentesions\PocExentesions.csproj", "{F8A5EE7C-99DF-4186-87EE-BCD0A2E6B981}"
EndProject
Project("{FAE04EC0-301F-11D3-BF4B-00C04F79EFBC}") = "PocExtensionTests", "PocExtensionTests\PocExtensionTests.csproj", "{68D15F40-DBF0-40D0-B8CE-539643544BF1}"
EndProject
Global
	GlobalSection(SolutionConfigurationPlatforms) = preSolution
		Debug|Any CPU = Debug|Any CPU
		Release|Any CPU = Release|Any CPU
	EndGlobalSection
	GlobalSection(ProjectConfigurationPlatforms) = postSolution
		{F8A5EE7C-99DF-4186-87EE-BCD0A2E6B981}.Debug|Any CPU.ActiveCfg = Debug|Any CPU
		{F8A5EE7C-99DF-4186-87EE-BCD0A2E6B981}.Debug|Any CPU.Build.0 = Debug|Any CPU
		{F8A5EE7C-99DF-4186-87EE-BCD0A2E6B981}.Release|Any CPU.ActiveCfg = Release|Any CPU
		{F8A5EE7C-99DF-4186-87EE-BCD0A2E6B981}.Release|Any CPU.Build.0 = Release|Any CPU
		{68D15F40-DBF0-40D0-B8CE-539643544BF1}.Debug|Any CPU.ActiveCfg = Debug|Any CPU
		{68D15F40-DBF0-40D0-B8CE-539643544BF1}.Debug|Any CPU.Build.0 = Debug|Any CPU
		{68D15F40-DBF0-40D0-B8CE-539643544BF1}.Release|Any CPU.ActiveCfg = Release|Any CPU
		{68D15F40-DBF0-40D0-B8CE-539643544BF1}.Release|Any CPU.Build.0 = Release|Any CPU
	EndGlobalSection
	GlobalSection(SolutionProperties) = preSolution
		HideSolutionNode = FALSE
	EndGlobalSection
	GlobalSection(ExtensibilityGlobals) = postSolution
		SolutionGuid = {96FF07FE-984F-4E39-842A-5D36B1C4034D}
	EndGlobalSection
EndGlobal
